
Microsoft Visual Studio Solution File, Format Version 12.00
# Visual Studio Version 17
VisualStudioVersion = 17.2.32516.85
MinimumVisualStudioVersion = 10.0.40219.1
Project("{FAE04EC0-301F-11D3-BF4B-00C04F79EFBC}") = "NinjaScript", "NinjaScript.csproj", "{DBA2BC0E-5C06-4F93-8625-CBCB4F5F894B}"
EndProject
Global
	GlobalSection(SolutionConfigurationPlatforms) = preSolution
		Debug|Any CPU = Debug|Any CPU
		Release|Any CPU = Release|Any CPU
	EndGlobalSection
	GlobalSection(ProjectConfigurationPlatforms) = postSolution
		{DBA2BC0E-5C06-4F93-8625-CBCB4F5F894B}.Debug|Any CPU.ActiveCfg = Debug|Any CPU
		{DBA2BC0E-5C06-4F93-8625-CBCB4F5F894B}.Debug|Any CPU.Build.0 = Debug|Any CPU
		{DBA2BC0E-5C06-4F93-8625-CBCB4F5F894B}.Release|Any CPU.ActiveCfg = Release|Any CPU
		{DBA2BC0E-5C06-4F93-8625-CBCB4F5F894B}.Release|Any CPU.Build.0 = Release|Any CPU
	EndGlobalSection
	GlobalSection(SolutionProperties) = preSolution
		HideSolutionNode = FALSE
	EndGlobalSection
	GlobalSection(ExtensibilityGlobals) = postSolution
		SolutionGuid = {5C074B83-4A0E-490D-B0B5-8E683C8B6D88}
	EndGlobalSection
EndGlobal
